// !$*UTF8*$!
{
	archiveVersion = 1;
	classes = {
	};
	objectVersion = 46;
	objects = {

/* Begin PBXBuildFile section */
		85C0C5797A4A9C1B2B2CDC6C /* Pods_SVPMap.framework in Frameworks */ = {isa = PBXBuildFile; fileRef = 5BCFBA430A1910CCD8F41DBE /* Pods_SVPMap.framework */; };
		940358FB1E31387000CB59EA /* Task1ViewController.swift in Sources */ = {isa = PBXBuildFile; fileRef = 94CC2FD31E27AE9200E14DB1 /* Task1ViewController.swift */; };
		94355A8C1EA7713B0003171F /* Podfile in Resources */ = {isa = PBXBuildFile; fileRef = 94355A8B1EA7713B0003171F /* Podfile */; };
		9466234A1E2C0AD300CCEFC6 /* Task2ViewController.swift in Sources */ = {isa = PBXBuildFile; fileRef = 946623491E2C0AD300CCEFC6 /* Task2ViewController.swift */; };
		9466234C1E2C0D7000CCEFC6 /* questions.xml in Resources */ = {isa = PBXBuildFile; fileRef = 9466234B1E2C0D7000CCEFC6 /* questions.xml */; };
		9472B5AF1E23AF9400C9CA2C /* AppDelegate.swift in Sources */ = {isa = PBXBuildFile; fileRef = 9472B5AE1E23AF9400C9CA2C /* AppDelegate.swift */; };
		9472B5B11E23AF9400C9CA2C /* ViewController.swift in Sources */ = {isa = PBXBuildFile; fileRef = 9472B5B01E23AF9400C9CA2C /* ViewController.swift */; };
		9472B5B41E23AF9400C9CA2C /* Main.storyboard in Resources */ = {isa = PBXBuildFile; fileRef = 9472B5B21E23AF9400C9CA2C /* Main.storyboard */; };
		9472B5B61E23AF9400C9CA2C /* Assets.xcassets in Resources */ = {isa = PBXBuildFile; fileRef = 9472B5B51E23AF9400C9CA2C /* Assets.xcassets */; };
		9472B5B91E23AF9400C9CA2C /* LaunchScreen.storyboard in Resources */ = {isa = PBXBuildFile; fileRef = 9472B5B71E23AF9400C9CA2C /* LaunchScreen.storyboard */; };
		9472B5C41E23AF9400C9CA2C /* SVPMapTests.swift in Sources */ = {isa = PBXBuildFile; fileRef = 9472B5C31E23AF9400C9CA2C /* SVPMapTests.swift */; };
		9472B5CF1E23AF9400C9CA2C /* SVPMapUITests.swift in Sources */ = {isa = PBXBuildFile; fileRef = 9472B5CE1E23AF9400C9CA2C /* SVPMapUITests.swift */; };
		94C6F2AF1EA8E0DF00406459 /* MapKit.framework in Frameworks */ = {isa = PBXBuildFile; fileRef = 94C6F2AE1EA8E0DF00406459 /* MapKit.framework */; };
/* End PBXBuildFile section */

/* Begin PBXContainerItemProxy section */
		9472B5C01E23AF9400C9CA2C /* PBXContainerItemProxy */ = {
			isa = PBXContainerItemProxy;
			containerPortal = 9472B5A31E23AF9300C9CA2C /* Project object */;
			proxyType = 1;
			remoteGlobalIDString = 9472B5AA1E23AF9300C9CA2C;
			remoteInfo = SVPMap;
		};
		9472B5CB1E23AF9400C9CA2C /* PBXContainerItemProxy */ = {
			isa = PBXContainerItemProxy;
			containerPortal = 9472B5A31E23AF9300C9CA2C /* Project object */;
			proxyType = 1;
			remoteGlobalIDString = 9472B5AA1E23AF9300C9CA2C;
			remoteInfo = SVPMap;
		};
/* End PBXContainerItemProxy section */

/* Begin PBXFileReference section */
		5BCFBA430A1910CCD8F41DBE /* Pods_SVPMap.framework */ = {isa = PBXFileReference; explicitFileType = wrapper.framework; includeInIndex = 0; path = Pods_SVPMap.framework; sourceTree = BUILT_PRODUCTS_DIR; };
		5E59BD19CC0DA9B23A38EEA8 /* Pods-SVPMap.release.xcconfig */ = {isa = PBXFileReference; includeInIndex = 1; lastKnownFileType = text.xcconfig; name = "Pods-SVPMap.release.xcconfig"; path = "SVPMap/Pods/Target Support Files/Pods-SVPMap/Pods-SVPMap.release.xcconfig"; sourceTree = "<group>"; };
		73D5D4C7A9FC198FD98F9105 /* Pods-SVPMap.debug.xcconfig */ = {isa = PBXFileReference; includeInIndex = 1; lastKnownFileType = text.xcconfig; name = "Pods-SVPMap.debug.xcconfig"; path = "SVPMap/Pods/Target Support Files/Pods-SVPMap/Pods-SVPMap.debug.xcconfig"; sourceTree = "<group>"; };
		94355A8B1EA7713B0003171F /* Podfile */ = {isa = PBXFileReference; fileEncoding = 4; lastKnownFileType = text; path = Podfile; sourceTree = "<group>"; xcLanguageSpecificationIdentifier = xcode.lang.ruby; };
		946623491E2C0AD300CCEFC6 /* Task2ViewController.swift */ = {isa = PBXFileReference; fileEncoding = 4; lastKnownFileType = sourcecode.swift; path = Task2ViewController.swift; sourceTree = "<group>"; };
		9466234B1E2C0D7000CCEFC6 /* questions.xml */ = {isa = PBXFileReference; fileEncoding = 4; lastKnownFileType = text.xml; path = questions.xml; sourceTree = "<group>"; };
		9472B5AB1E23AF9300C9CA2C /* SVPMap.app */ = {isa = PBXFileReference; explicitFileType = wrapper.application; includeInIndex = 0; path = SVPMap.app; sourceTree = BUILT_PRODUCTS_DIR; };
		9472B5AE1E23AF9400C9CA2C /* AppDelegate.swift */ = {isa = PBXFileReference; lastKnownFileType = sourcecode.swift; path = AppDelegate.swift; sourceTree = "<group>"; };
		9472B5B01E23AF9400C9CA2C /* ViewController.swift */ = {isa = PBXFileReference; lastKnownFileType = sourcecode.swift; path = ViewController.swift; sourceTree = "<group>"; };
		9472B5B31E23AF9400C9CA2C /* Base */ = {isa = PBXFileReference; lastKnownFileType = file.storyboard; name = Base; path = Base.lproj/Main.storyboard; sourceTree = "<group>"; };
		9472B5B51E23AF9400C9CA2C /* Assets.xcassets */ = {isa = PBXFileReference; lastKnownFileType = folder.assetcatalog; path = Assets.xcassets; sourceTree = "<group>"; };
		9472B5B81E23AF9400C9CA2C /* Base */ = {isa = PBXFileReference; lastKnownFileType = file.storyboard; name = Base; path = Base.lproj/LaunchScreen.storyboard; sourceTree = "<group>"; };
		9472B5BA1E23AF9400C9CA2C /* Info.plist */ = {isa = PBXFileReference; lastKnownFileType = text.plist.xml; path = Info.plist; sourceTree = "<group>"; };
		9472B5BF1E23AF9400C9CA2C /* SVPMapTests.xctest */ = {isa = PBXFileReference; explicitFileType = wrapper.cfbundle; includeInIndex = 0; path = SVPMapTests.xctest; sourceTree = BUILT_PRODUCTS_DIR; };
		9472B5C31E23AF9400C9CA2C /* SVPMapTests.swift */ = {isa = PBXFileReference; lastKnownFileType = sourcecode.swift; path = SVPMapTests.swift; sourceTree = "<group>"; };
		9472B5C51E23AF9400C9CA2C /* Info.plist */ = {isa = PBXFileReference; lastKnownFileType = text.plist.xml; path = Info.plist; sourceTree = "<group>"; };
		9472B5CA1E23AF9400C9CA2C /* SVPMapUITests.xctest */ = {isa = PBXFileReference; explicitFileType = wrapper.cfbundle; includeInIndex = 0; path = SVPMapUITests.xctest; sourceTree = BUILT_PRODUCTS_DIR; };
		9472B5CE1E23AF9400C9CA2C /* SVPMapUITests.swift */ = {isa = PBXFileReference; lastKnownFileType = sourcecode.swift; path = SVPMapUITests.swift; sourceTree = "<group>"; };
		9472B5D01E23AF9400C9CA2C /* Info.plist */ = {isa = PBXFileReference; lastKnownFileType = text.plist.xml; path = Info.plist; sourceTree = "<group>"; };
		94C6F2AE1EA8E0DF00406459 /* MapKit.framework */ = {isa = PBXFileReference; lastKnownFileType = wrapper.framework; name = MapKit.framework; path = System/Library/Frameworks/MapKit.framework; sourceTree = SDKROOT; };
		94CC2FD31E27AE9200E14DB1 /* Task1ViewController.swift */ = {isa = PBXFileReference; fileEncoding = 4; lastKnownFileType = sourcecode.swift; path = Task1ViewController.swift; sourceTree = "<group>"; };
/* End PBXFileReference section */

/* Begin PBXFrameworksBuildPhase section */
		9472B5A81E23AF9300C9CA2C /* Frameworks */ = {
			isa = PBXFrameworksBuildPhase;
			buildActionMask = 2147483647;
			files = (
				94C6F2AF1EA8E0DF00406459 /* MapKit.framework in Frameworks */,
				85C0C5797A4A9C1B2B2CDC6C /* Pods_SVPMap.framework in Frameworks */,
			);
			runOnlyForDeploymentPostprocessing = 0;
		};
		9472B5BC1E23AF9400C9CA2C /* Frameworks */ = {
			isa = PBXFrameworksBuildPhase;
			buildActionMask = 2147483647;
			files = (
			);
			runOnlyForDeploymentPostprocessing = 0;
		};
		9472B5C71E23AF9400C9CA2C /* Frameworks */ = {
			isa = PBXFrameworksBuildPhase;
			buildActionMask = 2147483647;
			files = (
			);
			runOnlyForDeploymentPostprocessing = 0;
		};
/* End PBXFrameworksBuildPhase section */

/* Begin PBXGroup section */
		7409B88ADF6BFC667D13E705 /* Pods */ = {
			isa = PBXGroup;
			children = (
				73D5D4C7A9FC198FD98F9105 /* Pods-SVPMap.debug.xcconfig */,
				5E59BD19CC0DA9B23A38EEA8 /* Pods-SVPMap.release.xcconfig */,
			);
			name = Pods;
			sourceTree = "<group>";
		};
		9472B5A21E23AF9300C9CA2C = {
			isa = PBXGroup;
			children = (
				9472B5AD1E23AF9400C9CA2C /* SVPMap */,
				9472B5C21E23AF9400C9CA2C /* SVPMapTests */,
				9472B5CD1E23AF9400C9CA2C /* SVPMapUITests */,
				9472B5AC1E23AF9300C9CA2C /* Products */,
				7409B88ADF6BFC667D13E705 /* Pods */,
				B17068567052DF9CD8D257F4 /* Frameworks */,
			);
			sourceTree = "<group>";
		};
		9472B5AC1E23AF9300C9CA2C /* Products */ = {
			isa = PBXGroup;
			children = (
				9472B5AB1E23AF9300C9CA2C /* SVPMap.app */,
				9472B5BF1E23AF9400C9CA2C /* SVPMapTests.xctest */,
				9472B5CA1E23AF9400C9CA2C /* SVPMapUITests.xctest */,
			);
			name = Products;
			sourceTree = "<group>";
		};
		9472B5AD1E23AF9400C9CA2C /* SVPMap */ = {
			isa = PBXGroup;
			children = (
				9472B5AE1E23AF9400C9CA2C /* AppDelegate.swift */,
				9472B5B01E23AF9400C9CA2C /* ViewController.swift */,
				9466234B1E2C0D7000CCEFC6 /* questions.xml */,
				9472B5B21E23AF9400C9CA2C /* Main.storyboard */,
				9472B5B51E23AF9400C9CA2C /* Assets.xcassets */,
				9472B5B71E23AF9400C9CA2C /* LaunchScreen.storyboard */,
				9472B5BA1E23AF9400C9CA2C /* Info.plist */,
				94CC2FD31E27AE9200E14DB1 /* Task1ViewController.swift */,
				946623491E2C0AD300CCEFC6 /* Task2ViewController.swift */,
				94355A8B1EA7713B0003171F /* Podfile */,
			);
			path = SVPMap;
			sourceTree = "<group>";
		};
		9472B5C21E23AF9400C9CA2C /* SVPMapTests */ = {
			isa = PBXGroup;
			children = (
				9472B5C31E23AF9400C9CA2C /* SVPMapTests.swift */,
				9472B5C51E23AF9400C9CA2C /* Info.plist */,
			);
			path = SVPMapTests;
			sourceTree = "<group>";
		};
		9472B5CD1E23AF9400C9CA2C /* SVPMapUITests */ = {
			isa = PBXGroup;
			children = (
				9472B5CE1E23AF9400C9CA2C /* SVPMapUITests.swift */,
				9472B5D01E23AF9400C9CA2C /* Info.plist */,
			);
			path = SVPMapUITests;
			sourceTree = "<group>";
		};
		B17068567052DF9CD8D257F4 /* Frameworks */ = {
			isa = PBXGroup;
			children = (
				94C6F2AE1EA8E0DF00406459 /* MapKit.framework */,
				5BCFBA430A1910CCD8F41DBE /* Pods_SVPMap.framework */,
			);
			name = Frameworks;
			sourceTree = "<group>";
		};
/* End PBXGroup section */

/* Begin PBXNativeTarget section */
		9472B5AA1E23AF9300C9CA2C /* SVPMap */ = {
			isa = PBXNativeTarget;
			buildConfigurationList = 9472B5D31E23AF9400C9CA2C /* Build configuration list for PBXNativeTarget "SVPMap" */;
			buildPhases = (
				629CC51BC5DD5E7FDB1ACC3C /* [CP] Check Pods Manifest.lock */,
				9472B5A71E23AF9300C9CA2C /* Sources */,
				9472B5A81E23AF9300C9CA2C /* Frameworks */,
				9472B5A91E23AF9300C9CA2C /* Resources */,
				B7A71D167FB626076F561A5A /* [CP] Embed Pods Frameworks */,
				F4225F918F8D1684A07CB179 /* [CP] Copy Pods Resources */,
			);
			buildRules = (
			);
			dependencies = (
			);
			name = SVPMap;
			productName = SVPMap;
			productReference = 9472B5AB1E23AF9300C9CA2C /* SVPMap.app */;
			productType = "com.apple.product-type.application";
		};
		9472B5BE1E23AF9400C9CA2C /* SVPMapTests */ = {
			isa = PBXNativeTarget;
			buildConfigurationList = 9472B5D61E23AF9400C9CA2C /* Build configuration list for PBXNativeTarget "SVPMapTests" */;
			buildPhases = (
				9472B5BB1E23AF9400C9CA2C /* Sources */,
				9472B5BC1E23AF9400C9CA2C /* Frameworks */,
				9472B5BD1E23AF9400C9CA2C /* Resources */,
			);
			buildRules = (
			);
			dependencies = (
				9472B5C11E23AF9400C9CA2C /* PBXTargetDependency */,
			);
			name = SVPMapTests;
			productName = SVPMapTests;
			productReference = 9472B5BF1E23AF9400C9CA2C /* SVPMapTests.xctest */;
			productType = "com.apple.product-type.bundle.unit-test";
		};
		9472B5C91E23AF9400C9CA2C /* SVPMapUITests */ = {
			isa = PBXNativeTarget;
			buildConfigurationList = 9472B5D91E23AF9400C9CA2C /* Build configuration list for PBXNativeTarget "SVPMapUITests" */;
			buildPhases = (
				9472B5C61E23AF9400C9CA2C /* Sources */,
				9472B5C71E23AF9400C9CA2C /* Frameworks */,
				9472B5C81E23AF9400C9CA2C /* Resources */,
			);
			buildRules = (
			);
			dependencies = (
				9472B5CC1E23AF9400C9CA2C /* PBXTargetDependency */,
			);
			name = SVPMapUITests;
			productName = SVPMapUITests;
			productReference = 9472B5CA1E23AF9400C9CA2C /* SVPMapUITests.xctest */;
			productType = "com.apple.product-type.bundle.ui-testing";
		};
/* End PBXNativeTarget section */

/* Begin PBXProject section */
		9472B5A31E23AF9300C9CA2C /* Project object */ = {
			isa = PBXProject;
			attributes = {
				LastSwiftUpdateCheck = 0730;
				LastUpgradeCheck = 0820;
				ORGANIZATIONNAME = "Science in";
				TargetAttributes = {
					9472B5AA1E23AF9300C9CA2C = {
						CreatedOnToolsVersion = 7.3.1;
						DevelopmentTeam = ZAL97HN32V;
						LastSwiftMigration = 0820;
						SystemCapabilities = {
							com.apple.Maps.iOS = {
								enabled = 1;
							};
						};
					};
					9472B5BE1E23AF9400C9CA2C = {
						CreatedOnToolsVersion = 7.3.1;
						DevelopmentTeam = ZAL97HN32V;
						LastSwiftMigration = 0820;
						TestTargetID = 9472B5AA1E23AF9300C9CA2C;
					};
					9472B5C91E23AF9400C9CA2C = {
						CreatedOnToolsVersion = 7.3.1;
						DevelopmentTeam = ZAL97HN32V;
						LastSwiftMigration = 0820;
						TestTargetID = 9472B5AA1E23AF9300C9CA2C;
					};
				};
			};
			buildConfigurationList = 9472B5A61E23AF9300C9CA2C /* Build configuration list for PBXProject "SVPMap" */;
			compatibilityVersion = "Xcode 3.2";
			developmentRegion = English;
			hasScannedForEncodings = 0;
			knownRegions = (
				en,
				Base,
			);
			mainGroup = 9472B5A21E23AF9300C9CA2C;
			productRefGroup = 9472B5AC1E23AF9300C9CA2C /* Products */;
			projectDirPath = "";
			projectRoot = "";
			targets = (
				9472B5AA1E23AF9300C9CA2C /* SVPMap */,
				9472B5BE1E23AF9400C9CA2C /* SVPMapTests */,
				9472B5C91E23AF9400C9CA2C /* SVPMapUITests */,
			);
		};
/* End PBXProject section */

/* Begin PBXResourcesBuildPhase section */
		9472B5A91E23AF9300C9CA2C /* Resources */ = {
			isa = PBXResourcesBuildPhase;
			buildActionMask = 2147483647;
			files = (
				94355A8C1EA7713B0003171F /* Podfile in Resources */,
				9472B5B91E23AF9400C9CA2C /* LaunchScreen.storyboard in Resources */,
				9472B5B61E23AF9400C9CA2C /* Assets.xcassets in Resources */,
				9472B5B41E23AF9400C9CA2C /* Main.storyboard in Resources */,
				9466234C1E2C0D7000CCEFC6 /* questions.xml in Resources */,
			);
			runOnlyForDeploymentPostprocessing = 0;
		};
		9472B5BD1E23AF9400C9CA2C /* Resources */ = {
			isa = PBXResourcesBuildPhase;
			buildActionMask = 2147483647;
			files = (
			);
			runOnlyForDeploymentPostprocessing = 0;
		};
		9472B5C81E23AF9400C9CA2C /* Resources */ = {
			isa = PBXResourcesBuildPhase;
			buildActionMask = 2147483647;
			files = (
			);
			runOnlyForDeploymentPostprocessing = 0;
		};
/* End PBXResourcesBuildPhase section */

/* Begin PBXShellScriptBuildPhase section */
		629CC51BC5DD5E7FDB1ACC3C /* [CP] Check Pods Manifest.lock */ = {
			isa = PBXShellScriptBuildPhase;
			buildActionMask = 2147483647;
			files = (
			);
			inputPaths = (
			);
			name = "[CP] Check Pods Manifest.lock";
			outputPaths = (
			);
			runOnlyForDeploymentPostprocessing = 0;
			shellPath = /bin/sh;
			shellScript = "diff \"${PODS_PODFILE_DIR_PATH}/Podfile.lock\" \"${PODS_ROOT}/Manifest.lock\" > /dev/null\nif [ $? != 0 ] ; then\n    # print error to STDERR\n    echo \"error: The sandbox is not in sync with the Podfile.lock. Run 'pod install' or update your CocoaPods installation.\" >&2\n    exit 1\nfi\n";
			showEnvVarsInLog = 0;
		};
		B7A71D167FB626076F561A5A /* [CP] Embed Pods Frameworks */ = {
			isa = PBXShellScriptBuildPhase;
			buildActionMask = 2147483647;
			files = (
			);
			inputPaths = (
			);
			name = "[CP] Embed Pods Frameworks";
			outputPaths = (
			);
			runOnlyForDeploymentPostprocessing = 0;
			shellPath = /bin/sh;
			shellScript = "\"${SRCROOT}/SVPMap/Pods/Target Support Files/Pods-SVPMap/Pods-SVPMap-frameworks.sh\"\n";
			showEnvVarsInLog = 0;
		};
		F4225F918F8D1684A07CB179 /* [CP] Copy Pods Resources */ = {
			isa = PBXShellScriptBuildPhase;
			buildActionMask = 2147483647;
			files = (
			);
			inputPaths = (
			);
			name = "[CP] Copy Pods Resources";
			outputPaths = (
			);
			runOnlyForDeploymentPostprocessing = 0;
			shellPath = /bin/sh;
			shellScript = "\"${SRCROOT}/SVPMap/Pods/Target Support Files/Pods-SVPMap/Pods-SVPMap-resources.sh\"\n";
			showEnvVarsInLog = 0;
		};
/* End PBXShellScriptBuildPhase section */

/* Begin PBXSourcesBuildPhase section */
		9472B5A71E23AF9300C9CA2C /* Sources */ = {
			isa = PBXSourcesBuildPhase;
			buildActionMask = 2147483647;
			files = (
				9466234A1E2C0AD300CCEFC6 /* Task2ViewController.swift in Sources */,
				9472B5B11E23AF9400C9CA2C /* ViewController.swift in Sources */,
				9472B5AF1E23AF9400C9CA2C /* AppDelegate.swift in Sources */,
				940358FB1E31387000CB59EA /* Task1ViewController.swift in Sources */,
			);
			runOnlyForDeploymentPostprocessing = 0;
		};
		9472B5BB1E23AF9400C9CA2C /* Sources */ = {
			isa = PBXSourcesBuildPhase;
			buildActionMask = 2147483647;
			files = (
				9472B5C41E23AF9400C9CA2C /* SVPMapTests.swift in Sources */,
			);
			runOnlyForDeploymentPostprocessing = 0;
		};
		9472B5C61E23AF9400C9CA2C /* Sources */ = {
			isa = PBXSourcesBuildPhase;
			buildActionMask = 2147483647;
			files = (
				9472B5CF1E23AF9400C9CA2C /* SVPMapUITests.swift in Sources */,
			);
			runOnlyForDeploymentPostprocessing = 0;
		};
/* End PBXSourcesBuildPhase section */

/* Begin PBXTargetDependency section */
		9472B5C11E23AF9400C9CA2C /* PBXTargetDependency */ = {
			isa = PBXTargetDependency;
			target = 9472B5AA1E23AF9300C9CA2C /* SVPMap */;
			targetProxy = 9472B5C01E23AF9400C9CA2C /* PBXContainerItemProxy */;
		};
		9472B5CC1E23AF9400C9CA2C /* PBXTargetDependency */ = {
			isa = PBXTargetDependency;
			target = 9472B5AA1E23AF9300C9CA2C /* SVPMap */;
			targetProxy = 9472B5CB1E23AF9400C9CA2C /* PBXContainerItemProxy */;
		};
/* End PBXTargetDependency section */

/* Begin PBXVariantGroup section */
		9472B5B21E23AF9400C9CA2C /* Main.storyboard */ = {
			isa = PBXVariantGroup;
			children = (
				9472B5B31E23AF9400C9CA2C /* Base */,
			);
			name = Main.storyboard;
			sourceTree = "<group>";
		};
		9472B5B71E23AF9400C9CA2C /* LaunchScreen.storyboard */ = {
			isa = PBXVariantGroup;
			children = (
				9472B5B81E23AF9400C9CA2C /* Base */,
			);
			name = LaunchScreen.storyboard;
			sourceTree = "<group>";
		};
/* End PBXVariantGroup section */

/* Begin XCBuildConfiguration section */
		9472B5D11E23AF9400C9CA2C /* Debug */ = {
			isa = XCBuildConfiguration;
			buildSettings = {
				ALWAYS_SEARCH_USER_PATHS = NO;
				CLANG_ANALYZER_NONNULL = YES;
				CLANG_CXX_LANGUAGE_STANDARD = "gnu++0x";
				CLANG_CXX_LIBRARY = "libc++";
				CLANG_ENABLE_MODULES = YES;
				CLANG_ENABLE_OBJC_ARC = YES;
				CLANG_WARN_BOOL_CONVERSION = YES;
				CLANG_WARN_CONSTANT_CONVERSION = YES;
				CLANG_WARN_DIRECT_OBJC_ISA_USAGE = YES_ERROR;
				CLANG_WARN_EMPTY_BODY = YES;
				CLANG_WARN_ENUM_CONVERSION = YES;
				CLANG_WARN_INFINITE_RECURSION = YES;
				CLANG_WARN_INT_CONVERSION = YES;
				CLANG_WARN_OBJC_ROOT_CLASS = YES_ERROR;
				CLANG_WARN_SUSPICIOUS_MOVE = YES;
				CLANG_WARN_UNREACHABLE_CODE = YES;
				CLANG_WARN__DUPLICATE_METHOD_MATCH = YES;
				"CODE_SIGN_IDENTITY[sdk=iphoneos*]" = "iPhone Developer";
				COPY_PHASE_STRIP = NO;
				DEBUG_INFORMATION_FORMAT = dwarf;
				ENABLE_STRICT_OBJC_MSGSEND = YES;
				ENABLE_TESTABILITY = YES;
				GCC_C_LANGUAGE_STANDARD = gnu99;
				GCC_DYNAMIC_NO_PIC = NO;
				GCC_NO_COMMON_BLOCKS = YES;
				GCC_OPTIMIZATION_LEVEL = 0;
				GCC_PREPROCESSOR_DEFINITIONS = (
					"DEBUG=1",
					"$(inherited)",
				);
				GCC_WARN_64_TO_32_BIT_CONVERSION = YES;
				GCC_WARN_ABOUT_RETURN_TYPE = YES_ERROR;
				GCC_WARN_UNDECLARED_SELECTOR = YES;
				GCC_WARN_UNINITIALIZED_AUTOS = YES_AGGRESSIVE;
				GCC_WARN_UNUSED_FUNCTION = YES;
				GCC_WARN_UNUSED_VARIABLE = YES;
				IPHONEOS_DEPLOYMENT_TARGET = 9.3;
				MTL_ENABLE_DEBUG_INFO = YES;
				ONLY_ACTIVE_ARCH = YES;
				SDKROOT = iphoneos;
				SWIFT_OPTIMIZATION_LEVEL = "-Onone";
				TARGETED_DEVICE_FAMILY = "1,2";
			};
			name = Debug;
		};
		9472B5D21E23AF9400C9CA2C /* Release */ = {
			isa = XCBuildConfiguration;
			buildSettings = {
				ALWAYS_SEARCH_USER_PATHS = NO;
				CLANG_ANALYZER_NONNULL = YES;
				CLANG_CXX_LANGUAGE_STANDARD = "gnu++0x";
				CLANG_CXX_LIBRARY = "libc++";
				CLANG_ENABLE_MODULES = YES;
				CLANG_ENABLE_OBJC_ARC = YES;
				CLANG_WARN_BOOL_CONVERSION = YES;
				CLANG_WARN_CONSTANT_CONVERSION = YES;
				CLANG_WARN_DIRECT_OBJC_ISA_USAGE = YES_ERROR;
				CLANG_WARN_EMPTY_BODY = YES;
				CLANG_WARN_ENUM_CONVERSION = YES;
				CLANG_WARN_INFINITE_RECURSION = YES;
				CLANG_WARN_INT_CONVERSION = YES;
				CLANG_WARN_OBJC_ROOT_CLASS = YES_ERROR;
				CLANG_WARN_SUSPICIOUS_MOVE = YES;
				CLANG_WARN_UNREACHABLE_CODE = YES;
				CLANG_WARN__DUPLICATE_METHOD_MATCH = YES;
				"CODE_SIGN_IDENTITY[sdk=iphoneos*]" = "iPhone Developer";
				COPY_PHASE_STRIP = NO;
				DEBUG_INFORMATION_FORMAT = "dwarf-with-dsym";
				ENABLE_NS_ASSERTIONS = NO;
				ENABLE_STRICT_OBJC_MSGSEND = YES;
				GCC_C_LANGUAGE_STANDARD = gnu99;
				GCC_NO_COMMON_BLOCKS = YES;
				GCC_WARN_64_TO_32_BIT_CONVERSION = YES;
				GCC_WARN_ABOUT_RETURN_TYPE = YES_ERROR;
				GCC_WARN_UNDECLARED_SELECTOR = YES;
				GCC_WARN_UNINITIALIZED_AUTOS = YES_AGGRESSIVE;
				GCC_WARN_UNUSED_FUNCTION = YES;
				GCC_WARN_UNUSED_VARIABLE = YES;
				IPHONEOS_DEPLOYMENT_TARGET = 9.3;
				MTL_ENABLE_DEBUG_INFO = NO;
				SDKROOT = iphoneos;
				SWIFT_OPTIMIZATION_LEVEL = "-Owholemodule";
				TARGETED_DEVICE_FAMILY = "1,2";
				VALIDATE_PRODUCT = YES;
			};
			name = Release;
		};
		9472B5D41E23AF9400C9CA2C /* Debug */ = {
			isa = XCBuildConfiguration;
			baseConfigurationReference = 73D5D4C7A9FC198FD98F9105 /* Pods-SVPMap.debug.xcconfig */;
			buildSettings = {
				ASSETCATALOG_COMPILER_APPICON_NAME = AppIcon;
				INFOPLIST_FILE = SVPMap/Info.plist;
				LD_RUNPATH_SEARCH_PATHS = "$(inherited) @executable_path/Frameworks";
				PRODUCT_BUNDLE_IDENTIFIER = cz.sciencein.SVPMap;
				PRODUCT_NAME = "$(TARGET_NAME)";
				SWIFT_VERSION = 3.0;
			};
			name = Debug;
		};
		9472B5D51E23AF9400C9CA2C /* Release */ = {
			isa = XCBuildConfiguration;
			baseConfigurationReference = 5E59BD19CC0DA9B23A38EEA8 /* Pods-SVPMap.release.xcconfig */;
			buildSettings = {
				ASSETCATALOG_COMPILER_APPICON_NAME = AppIcon;
				INFOPLIST_FILE = SVPMap/Info.plist;
				LD_RUNPATH_SEARCH_PATHS = "$(inherited) @executable_path/Frameworks";
				PRODUCT_BUNDLE_IDENTIFIER = cz.sciencein.SVPMap;
				PRODUCT_NAME = "$(TARGET_NAME)";
				SWIFT_VERSION = 3.0;
			};
			name = Release;
		};
		9472B5D71E23AF9400C9CA2C /* Debug */ = {
			isa = XCBuildConfiguration;
			buildSettings = {
				BUNDLE_LOADER = "$(TEST_HOST)";
				INFOPLIST_FILE = SVPMapTests/Info.plist;
				LD_RUNPATH_SEARCH_PATHS = "$(inherited) @executable_path/Frameworks @loader_path/Frameworks";
				PRODUCT_BUNDLE_IDENTIFIER = cz.sciencein.SVPMapTests;
				PRODUCT_NAME = "$(TARGET_NAME)";
				SWIFT_VERSION = 3.0;
				TEST_HOST = "$(BUILT_PRODUCTS_DIR)/SVPMap.app/SVPMap";
			};
			name = Debug;
		};
		9472B5D81E23AF9400C9CA2C /* Release */ = {
			isa = XCBuildConfiguration;
			buildSettings = {
				BUNDLE_LOADER = "$(TEST_HOST)";
				INFOPLIST_FILE = SVPMapTests/Info.plist;
				LD_RUNPATH_SEARCH_PATHS = "$(inherited) @executable_path/Frameworks @loader_path/Frameworks";
				PRODUCT_BUNDLE_IDENTIFIER = cz.sciencein.SVPMapTests;
				PRODUCT_NAME = "$(TARGET_NAME)";
				SWIFT_VERSION = 3.0;
				TEST_HOST = "$(BUILT_PRODUCTS_DIR)/SVPMap.app/SVPMap";
			};
			name = Release;
		};
		9472B5DA1E23AF9400C9CA2C /* Debug */ = {
			isa = XCBuildConfiguration;
			buildSettings = {
				INFOPLIST_FILE = SVPMapUITests/Info.plist;
				LD_RUNPATH_SEARCH_PATHS = "$(inherited) @executable_path/Frameworks @loader_path/Frameworks";
				PRODUCT_BUNDLE_IDENTIFIER = cz.sciencein.SVPMapUITests;
				PRODUCT_NAME = "$(TARGET_NAME)";
				SWIFT_VERSION = 3.0;
				TEST_TARGET_NAME = SVPMap;
			};
			name = Debug;
		};
		9472B5DB1E23AF9400C9CA2C /* Release */ = {
			isa = XCBuildConfiguration;
			buildSettings = {
				INFOPLIST_FILE = SVPMapUITests/Info.plist;
				LD_RUNPATH_SEARCH_PATHS = "$(inherited) @executable_path/Frameworks @loader_path/Frameworks";
				PRODUCT_BUNDLE_IDENTIFIER = cz.sciencein.SVPMapUITests;
				PRODUCT_NAME = "$(TARGET_NAME)";
				SWIFT_VERSION = 3.0;
				TEST_TARGET_NAME = SVPMap;
			};
			name = Release;
		};
/* End XCBuildConfiguration section */

/* Begin XCConfigurationList section */
		9472B5A61E23AF9300C9CA2C /* Build configuration list for PBXProject "SVPMap" */ = {
			isa = XCConfigurationList;
			buildConfigurations = (
				9472B5D11E23AF9400C9CA2C /* Debug */,
				9472B5D21E23AF9400C9CA2C /* Release */,
			);
			defaultConfigurationIsVisible = 0;
			defaultConfigurationName = Release;
		};
		9472B5D31E23AF9400C9CA2C /* Build configuration list for PBXNativeTarget "SVPMap" */ = {
			isa = XCConfigurationList;
			buildConfigurations = (
				9472B5D41E23AF9400C9CA2C /* Debug */,
				9472B5D51E23AF9400C9CA2C /* Release */,
			);
			defaultConfigurationIsVisible = 0;
			defaultConfigurationName = Release;
		};
		9472B5D61E23AF9400C9CA2C /* Build configuration list for PBXNativeTarget "SVPMapTests" */ = {
			isa = XCConfigurationList;
			buildConfigurations = (
				9472B5D71E23AF9400C9CA2C /* Debug */,
				9472B5D81E23AF9400C9CA2C /* Release */,
			);
			defaultConfigurationIsVisible = 0;
			defaultConfigurationName = Release;
		};
		9472B5D91E23AF9400C9CA2C /* Build configuration list for PBXNativeTarget "SVPMapUITests" */ = {
			isa = XCConfigurationList;
			buildConfigurations = (
				9472B5DA1E23AF9400C9CA2C /* Debug */,
				9472B5DB1E23AF9400C9CA2C /* Release */,
			);
			defaultConfigurationIsVisible = 0;
			defaultConfigurationName = Release;
		};
/* End XCConfigurationList section */
	};
	rootObject = 9472B5A31E23AF9300C9CA2C /* Project object */;
}
